
Microsoft Visual Studio Solution File, Format Version 12.00
# Visual Studio 15
VisualStudioVersion = 15.0.27130.2010
MinimumVisualStudioVersion = 10.0.40219.1
Project("{FAE04EC0-301F-11D3-BF4B-00C04F79EFBC}") = "WebApplication", "WebApplication\WebApplication.csproj", "{BD11521C-6008-4564-9893-14D11C730801}"
EndProject
Global
	GlobalSection(SolutionConfigurationPlatforms) = preSolution
		Debug|Any CPU = Debug|Any CPU
		Release|Any CPU = Release|Any CPU
	EndGlobalSection
	GlobalSection(ProjectConfigurationPlatforms) = postSolution
		{BD11521C-6008-4564-9893-14D11C730801}.Debug|Any CPU.ActiveCfg = Debug|Any CPU
		{BD11521C-6008-4564-9893-14D11C730801}.Debug|Any CPU.Build.0 = Debug|Any CPU
		{BD11521C-6008-4564-9893-14D11C730801}.Release|Any CPU.ActiveCfg = Release|Any CPU
		{BD11521C-6008-4564-9893-14D11C730801}.Release|Any CPU.Build.0 = Release|Any CPU
	EndGlobalSection
	GlobalSection(SolutionProperties) = preSolution
		HideSolutionNode = FALSE
	EndGlobalSection
	GlobalSection(ExtensibilityGlobals) = postSolution
		SolutionGuid = {2E6E27B3-0F2D-4AF3-BB3D-7C0368C168BF}
	EndGlobalSection
EndGlobal
